
Microsoft Visual Studio Solution File, Format Version 12.00
# Visual Studio Version 16
VisualStudioVersion = 16.0.31911.196
MinimumVisualStudioVersion = 10.0.40219.1
Project("{FAE04EC0-301F-11D3-BF4B-00C04F79EFBC}") = "degree", "degree.csproj", "{E1C17501-2BF1-4B27-9CE1-76B06D982322}"
EndProject
Global
	GlobalSection(SolutionConfigurationPlatforms) = preSolution
		Debug|Any CPU = Debug|Any CPU
		Release|Any CPU = Release|Any CPU
	EndGlobalSection
	GlobalSection(ProjectConfigurationPlatforms) = postSolution
		{E1C17501-2BF1-4B27-9CE1-76B06D982322}.Debug|Any CPU.ActiveCfg = Debug|Any CPU
		{E1C17501-2BF1-4B27-9CE1-76B06D982322}.Debug|Any CPU.Build.0 = Debug|Any CPU
		{E1C17501-2BF1-4B27-9CE1-76B06D982322}.Release|Any CPU.ActiveCfg = Release|Any CPU
		{E1C17501-2BF1-4B27-9CE1-76B06D982322}.Release|Any CPU.Build.0 = Release|Any CPU
	EndGlobalSection
	GlobalSection(SolutionProperties) = preSolution
		HideSolutionNode = FALSE
	EndGlobalSection
	GlobalSection(ExtensibilityGlobals) = postSolution
		SolutionGuid = {51B23819-5F52-4164-BEBD-CB406ED0BF47}
	EndGlobalSection
EndGlobal
